// !$*UTF8*$!
{
	archiveVersion = 1;
	classes = {
	};
	objectVersion = 56;
	objects = {

/* Begin PBXBuildFile section */
		413D34E22E489C23009F6F44 /* DemoAppApp.swift in Sources */ = {isa = PBXBuildFile; fileRef = 413D34E12E489C23009F6F44 /* DemoAppApp.swift */; };
		413D34E62E489C25009F6F44 /* Assets.xcassets in Resources */ = {isa = PBXBuildFile; fileRef = 413D34E52E489C25009F6F44 /* Assets.xcassets */; };
		413D34E92E489C25009F6F44 /* Preview Assets.xcassets in Resources */ = {isa = PBXBuildFile; fileRef = 413D34E82E489C25009F6F44 /* Preview Assets.xcassets */; };
		413D34EE2E489C25009F6F44 /* DemoApp.xcdatamodeld in Sources */ = {isa = PBXBuildFile; fileRef = 413D34EC2E489C25009F6F44 /* DemoApp.xcdatamodeld */; };
		413D34F82E489C25009F6F44 /* DemoAppTests.swift in Sources */ = {isa = PBXBuildFile; fileRef = 413D34F72E489C25009F6F44 /* DemoAppTests.swift */; };
		413D35022E489C25009F6F44 /* DemoAppUITests.swift in Sources */ = {isa = PBXBuildFile; fileRef = 413D35012E489C25009F6F44 /* DemoAppUITests.swift */; };
		413D35042E489C25009F6F44 /* DemoAppUITestsLaunchTests.swift in Sources */ = {isa = PBXBuildFile; fileRef = 413D35032E489C25009F6F44 /* DemoAppUITestsLaunchTests.swift */; };
		413D35112E489CAA009F6F44 /* Demo.swift in Sources */ = {isa = PBXBuildFile; fileRef = 413D35102E489CAA009F6F44 /* Demo.swift */; };
		413D35132E489DCA009F6F44 /* Demo2.swift in Sources */ = {isa = PBXBuildFile; fileRef = 413D35122E489DCA009F6F44 /* Demo2.swift */; };
		419CE22E2E5B8211003EE5B3 /* ZstackExample.swift in Sources */ = {isa = PBXBuildFile; fileRef = 419CE22D2E5B8211003EE5B3 /* ZstackExample.swift */; };
		419CE2302E5C6637003EE5B3 /* WebView2.swift in Sources */ = {isa = PBXBuildFile; fileRef = 419CE22F2E5C6637003EE5B3 /* WebView2.swift */; };
		419CE2322E5C6873003EE5B3 /* ASAuth.swift in Sources */ = {isa = PBXBuildFile; fileRef = 419CE2312E5C6873003EE5B3 /* ASAuth.swift */; };
		419CE2342E5C7B12003EE5B3 /* CoreDataSample.swift in Sources */ = {isa = PBXBuildFile; fileRef = 419CE2332E5C7B12003EE5B3 /* CoreDataSample.swift */; };
		419CE2362E5C7C27003EE5B3 /* CoreDAtaSample12.swift in Sources */ = {isa = PBXBuildFile; fileRef = 419CE2352E5C7C27003EE5B3 /* CoreDAtaSample12.swift */; };
		419CE2382E5DC03B003EE5B3 /* ConcurencySwiftUI.swift in Sources */ = {isa = PBXBuildFile; fileRef = 419CE2372E5DC03B003EE5B3 /* ConcurencySwiftUI.swift */; };
		419CE23A2E5DC129003EE5B3 /* APIViewModel.swift in Sources */ = {isa = PBXBuildFile; fileRef = 419CE2392E5DC129003EE5B3 /* APIViewModel.swift */; };
		419CE23C2E5DC6A0003EE5B3 /* NWService.swift in Sources */ = {isa = PBXBuildFile; fileRef = 419CE23B2E5DC6A0003EE5B3 /* NWService.swift */; };
/* End PBXBuildFile section */

/* Begin PBXContainerItemProxy section */
		413D34F42E489C25009F6F44 /* PBXContainerItemProxy */ = {
			isa = PBXContainerItemProxy;
			containerPortal = 413D34D62E489C23009F6F44 /* Project object */;
			proxyType = 1;
			remoteGlobalIDString = 413D34DD2E489C23009F6F44;
			remoteInfo = DemoApp;
		};
		413D34FE2E489C25009F6F44 /* PBXContainerItemProxy */ = {
			isa = PBXContainerItemProxy;
			containerPortal = 413D34D62E489C23009F6F44 /* Project object */;
			proxyType = 1;
			remoteGlobalIDString = 413D34DD2E489C23009F6F44;
			remoteInfo = DemoApp;
		};
/* End PBXContainerItemProxy section */

/* Begin PBXFileReference section */
		413D34DE2E489C23009F6F44 /* DemoApp.app */ = {isa = PBXFileReference; explicitFileType = wrapper.application; includeInIndex = 0; path = DemoApp.app; sourceTree = BUILT_PRODUCTS_DIR; };
		413D34E12E489C23009F6F44 /* DemoAppApp.swift */ = {isa = PBXFileReference; lastKnownFileType = sourcecode.swift; path = DemoAppApp.swift; sourceTree = "<group>"; };
		413D34E52E489C25009F6F44 /* Assets.xcassets */ = {isa = PBXFileReference; lastKnownFileType = folder.assetcatalog; path = Assets.xcassets; sourceTree = "<group>"; };
		413D34E82E489C25009F6F44 /* Preview Assets.xcassets */ = {isa = PBXFileReference; lastKnownFileType = folder.assetcatalog; path = "Preview Assets.xcassets"; sourceTree = "<group>"; };
		413D34ED2E489C25009F6F44 /* DemoApp.xcdatamodel */ = {isa = PBXFileReference; lastKnownFileType = wrapper.xcdatamodel; path = DemoApp.xcdatamodel; sourceTree = "<group>"; };
		413D34F32E489C25009F6F44 /* DemoAppTests.xctest */ = {isa = PBXFileReference; explicitFileType = wrapper.cfbundle; includeInIndex = 0; path = DemoAppTests.xctest; sourceTree = BUILT_PRODUCTS_DIR; };
		413D34F72E489C25009F6F44 /* DemoAppTests.swift */ = {isa = PBXFileReference; lastKnownFileType = sourcecode.swift; path = DemoAppTests.swift; sourceTree = "<group>"; };
		413D34FD2E489C25009F6F44 /* DemoAppUITests.xctest */ = {isa = PBXFileReference; explicitFileType = wrapper.cfbundle; includeInIndex = 0; path = DemoAppUITests.xctest; sourceTree = BUILT_PRODUCTS_DIR; };
		413D35012E489C25009F6F44 /* DemoAppUITests.swift */ = {isa = PBXFileReference; lastKnownFileType = sourcecode.swift; path = DemoAppUITests.swift; sourceTree = "<group>"; };
		413D35032E489C25009F6F44 /* DemoAppUITestsLaunchTests.swift */ = {isa = PBXFileReference; lastKnownFileType = sourcecode.swift; path = DemoAppUITestsLaunchTests.swift; sourceTree = "<group>"; };
		413D35102E489CAA009F6F44 /* Demo.swift */ = {isa = PBXFileReference; lastKnownFileType = sourcecode.swift; path = Demo.swift; sourceTree = "<group>"; };
		413D35122E489DCA009F6F44 /* Demo2.swift */ = {isa = PBXFileReference; lastKnownFileType = sourcecode.swift; path = Demo2.swift; sourceTree = "<group>"; };
		419CE22D2E5B8211003EE5B3 /* ZstackExample.swift */ = {isa = PBXFileReference; lastKnownFileType = sourcecode.swift; path = ZstackExample.swift; sourceTree = "<group>"; };
		419CE22F2E5C6637003EE5B3 /* WebView2.swift */ = {isa = PBXFileReference; lastKnownFileType = sourcecode.swift; path = WebView2.swift; sourceTree = "<group>"; };
		419CE2312E5C6873003EE5B3 /* ASAuth.swift */ = {isa = PBXFileReference; lastKnownFileType = sourcecode.swift; path = ASAuth.swift; sourceTree = "<group>"; };
		419CE2332E5C7B12003EE5B3 /* CoreDataSample.swift */ = {isa = PBXFileReference; lastKnownFileType = sourcecode.swift; path = CoreDataSample.swift; sourceTree = "<group>"; };
		419CE2352E5C7C27003EE5B3 /* CoreDAtaSample12.swift */ = {isa = PBXFileReference; lastKnownFileType = sourcecode.swift; path = CoreDAtaSample12.swift; sourceTree = "<group>"; };
		419CE2372E5DC03B003EE5B3 /* ConcurencySwiftUI.swift */ = {isa = PBXFileReference; lastKnownFileType = sourcecode.swift; path = ConcurencySwiftUI.swift; sourceTree = "<group>"; };
		419CE2392E5DC129003EE5B3 /* APIViewModel.swift */ = {isa = PBXFileReference; lastKnownFileType = sourcecode.swift; path = APIViewModel.swift; sourceTree = "<group>"; };
		419CE23B2E5DC6A0003EE5B3 /* NWService.swift */ = {isa = PBXFileReference; lastKnownFileType = sourcecode.swift; path = NWService.swift; sourceTree = "<group>"; };
/* End PBXFileReference section */

/* Begin PBXFrameworksBuildPhase section */
		413D34DB2E489C23009F6F44 /* Frameworks */ = {
			isa = PBXFrameworksBuildPhase;
			buildActionMask = 2147483647;
			files = (
			);
			runOnlyForDeploymentPostprocessing = 0;
		};
		413D34F02E489C25009F6F44 /* Frameworks */ = {
			isa = PBXFrameworksBuildPhase;
			buildActionMask = 2147483647;
			files = (
			);
			runOnlyForDeploymentPostprocessing = 0;
		};
		413D34FA2E489C25009F6F44 /* Frameworks */ = {
			isa = PBXFrameworksBuildPhase;
			buildActionMask = 2147483647;
			files = (
			);
			runOnlyForDeploymentPostprocessing = 0;
		};
/* End PBXFrameworksBuildPhase section */

/* Begin PBXGroup section */
		413D34D52E489C23009F6F44 = {
			isa = PBXGroup;
			children = (
				413D34E02E489C23009F6F44 /* DemoApp */,
				413D34F62E489C25009F6F44 /* DemoAppTests */,
				413D35002E489C25009F6F44 /* DemoAppUITests */,
				413D34DF2E489C23009F6F44 /* Products */,
			);
			sourceTree = "<group>";
		};
		413D34DF2E489C23009F6F44 /* Products */ = {
			isa = PBXGroup;
			children = (
				413D34DE2E489C23009F6F44 /* DemoApp.app */,
				413D34F32E489C25009F6F44 /* DemoAppTests.xctest */,
				413D34FD2E489C25009F6F44 /* DemoAppUITests.xctest */,
			);
			name = Products;
			sourceTree = "<group>";
		};
		413D34E02E489C23009F6F44 /* DemoApp */ = {
			isa = PBXGroup;
			children = (
				413D34E12E489C23009F6F44 /* DemoAppApp.swift */,
				413D35102E489CAA009F6F44 /* Demo.swift */,
				413D35122E489DCA009F6F44 /* Demo2.swift */,
				419CE2312E5C6873003EE5B3 /* ASAuth.swift */,
				419CE2352E5C7C27003EE5B3 /* CoreDAtaSample12.swift */,
				419CE2332E5C7B12003EE5B3 /* CoreDataSample.swift */,
				419CE22F2E5C6637003EE5B3 /* WebView2.swift */,
				419CE2372E5DC03B003EE5B3 /* ConcurencySwiftUI.swift */,
				419CE2392E5DC129003EE5B3 /* APIViewModel.swift */,
				419CE23B2E5DC6A0003EE5B3 /* NWService.swift */,
				419CE22D2E5B8211003EE5B3 /* ZstackExample.swift */,
				413D34E52E489C25009F6F44 /* Assets.xcassets */,
				413D34EC2E489C25009F6F44 /* DemoApp.xcdatamodeld */,
				413D34E72E489C25009F6F44 /* Preview Content */,
			);
			path = DemoApp;
			sourceTree = "<group>";
		};
		413D34E72E489C25009F6F44 /* Preview Content */ = {
			isa = PBXGroup;
			children = (
				413D34E82E489C25009F6F44 /* Preview Assets.xcassets */,
			);
			path = "Preview Content";
			sourceTree = "<group>";
		};
		413D34F62E489C25009F6F44 /* DemoAppTests */ = {
			isa = PBXGroup;
			children = (
				413D34F72E489C25009F6F44 /* DemoAppTests.swift */,
			);
			path = DemoAppTests;
			sourceTree = "<group>";
		};
		413D35002E489C25009F6F44 /* DemoAppUITests */ = {
			isa = PBXGroup;
			children = (
				413D35012E489C25009F6F44 /* DemoAppUITests.swift */,
				413D35032E489C25009F6F44 /* DemoAppUITestsLaunchTests.swift */,
			);
			path = DemoAppUITests;
			sourceTree = "<group>";
		};
/* End PBXGroup section */

/* Begin PBXNativeTarget section */
		413D34DD2E489C23009F6F44 /* DemoApp */ = {
			isa = PBXNativeTarget;
			buildConfigurationList = 413D35072E489C25009F6F44 /* Build configuration list for PBXNativeTarget "DemoApp" */;
			buildPhases = (
				413D34DA2E489C23009F6F44 /* Sources */,
				413D34DB2E489C23009F6F44 /* Frameworks */,
				413D34DC2E489C23009F6F44 /* Resources */,
			);
			buildRules = (
			);
			dependencies = (
			);
			name = DemoApp;
			productName = DemoApp;
			productReference = 413D34DE2E489C23009F6F44 /* DemoApp.app */;
			productType = "com.apple.product-type.application";
		};
		413D34F22E489C25009F6F44 /* DemoAppTests */ = {
			isa = PBXNativeTarget;
			buildConfigurationList = 413D350A2E489C25009F6F44 /* Build configuration list for PBXNativeTarget "DemoAppTests" */;
			buildPhases = (
				413D34EF2E489C25009F6F44 /* Sources */,
				413D34F02E489C25009F6F44 /* Frameworks */,
				413D34F12E489C25009F6F44 /* Resources */,
			);
			buildRules = (
			);
			dependencies = (
				413D34F52E489C25009F6F44 /* PBXTargetDependency */,
			);
			name = DemoAppTests;
			productName = DemoAppTests;
			productReference = 413D34F32E489C25009F6F44 /* DemoAppTests.xctest */;
			productType = "com.apple.product-type.bundle.unit-test";
		};
		413D34FC2E489C25009F6F44 /* DemoAppUITests */ = {
			isa = PBXNativeTarget;
			buildConfigurationList = 413D350D2E489C25009F6F44 /* Build configuration list for PBXNativeTarget "DemoAppUITests" */;
			buildPhases = (
				413D34F92E489C25009F6F44 /* Sources */,
				413D34FA2E489C25009F6F44 /* Frameworks */,
				413D34FB2E489C25009F6F44 /* Resources */,
			);
			buildRules = (
			);
			dependencies = (
				413D34FF2E489C25009F6F44 /* PBXTargetDependency */,
			);
			name = DemoAppUITests;
			productName = DemoAppUITests;
			productReference = 413D34FD2E489C25009F6F44 /* DemoAppUITests.xctest */;
			productType = "com.apple.product-type.bundle.ui-testing";
		};
/* End PBXNativeTarget section */

/* Begin PBXProject section */
		413D34D62E489C23009F6F44 /* Project object */ = {
			isa = PBXProject;
			attributes = {
				BuildIndependentTargetsInParallel = 1;
				LastSwiftUpdateCheck = 1510;
				LastUpgradeCheck = 1510;
				TargetAttributes = {
					413D34DD2E489C23009F6F44 = {
						CreatedOnToolsVersion = 15.1;
					};
					413D34F22E489C25009F6F44 = {
						CreatedOnToolsVersion = 15.1;
						TestTargetID = 413D34DD2E489C23009F6F44;
					};
					413D34FC2E489C25009F6F44 = {
						CreatedOnToolsVersion = 15.1;
						TestTargetID = 413D34DD2E489C23009F6F44;
					};
				};
			};
			buildConfigurationList = 413D34D92E489C23009F6F44 /* Build configuration list for PBXProject "DemoApp" */;
			compatibilityVersion = "Xcode 14.0";
			developmentRegion = en;
			hasScannedForEncodings = 0;
			knownRegions = (
				en,
				Base,
			);
			mainGroup = 413D34D52E489C23009F6F44;
			productRefGroup = 413D34DF2E489C23009F6F44 /* Products */;
			projectDirPath = "";
			projectRoot = "";
			targets = (
				413D34DD2E489C23009F6F44 /* DemoApp */,
				413D34F22E489C25009F6F44 /* DemoAppTests */,
				413D34FC2E489C25009F6F44 /* DemoAppUITests */,
			);
		};
/* End PBXProject section */

/* Begin PBXResourcesBuildPhase section */
		413D34DC2E489C23009F6F44 /* Resources */ = {
			isa = PBXResourcesBuildPhase;
			buildActionMask = 2147483647;
			files = (
				413D34E92E489C25009F6F44 /* Preview Assets.xcassets in Resources */,
				413D34E62E489C25009F6F44 /* Assets.xcassets in Resources */,
			);
			runOnlyForDeploymentPostprocessing = 0;
		};
		413D34F12E489C25009F6F44 /* Resources */ = {
			isa = PBXResourcesBuildPhase;
			buildActionMask = 2147483647;
			files = (
			);
			runOnlyForDeploymentPostprocessing = 0;
		};
		413D34FB2E489C25009F6F44 /* Resources */ = {
			isa = PBXResourcesBuildPhase;
			buildActionMask = 2147483647;
			files = (
			);
			runOnlyForDeploymentPostprocessing = 0;
		};
/* End PBXResourcesBuildPhase section */

/* Begin PBXSourcesBuildPhase section */
		413D34DA2E489C23009F6F44 /* Sources */ = {
			isa = PBXSourcesBuildPhase;
			buildActionMask = 2147483647;
			files = (
				419CE23C2E5DC6A0003EE5B3 /* NWService.swift in Sources */,
				419CE22E2E5B8211003EE5B3 /* ZstackExample.swift in Sources */,
				413D35132E489DCA009F6F44 /* Demo2.swift in Sources */,
				419CE2302E5C6637003EE5B3 /* WebView2.swift in Sources */,
				413D34EE2E489C25009F6F44 /* DemoApp.xcdatamodeld in Sources */,
				419CE2342E5C7B12003EE5B3 /* CoreDataSample.swift in Sources */,
				419CE2322E5C6873003EE5B3 /* ASAuth.swift in Sources */,
				419CE23A2E5DC129003EE5B3 /* APIViewModel.swift in Sources */,
				419CE2382E5DC03B003EE5B3 /* ConcurencySwiftUI.swift in Sources */,
				413D35112E489CAA009F6F44 /* Demo.swift in Sources */,
				413D34E22E489C23009F6F44 /* DemoAppApp.swift in Sources */,
				419CE2362E5C7C27003EE5B3 /* CoreDAtaSample12.swift in Sources */,
			);
			runOnlyForDeploymentPostprocessing = 0;
		};
		413D34EF2E489C25009F6F44 /* Sources */ = {
			isa = PBXSourcesBuildPhase;
			buildActionMask = 2147483647;
			files = (
				413D34F82E489C25009F6F44 /* DemoAppTests.swift in Sources */,
			);
			runOnlyForDeploymentPostprocessing = 0;
		};
		413D34F92E489C25009F6F44 /* Sources */ = {
			isa = PBXSourcesBuildPhase;
			buildActionMask = 2147483647;
			files = (
				413D35022E489C25009F6F44 /* DemoAppUITests.swift in Sources */,
				413D35042E489C25009F6F44 /* DemoAppUITestsLaunchTests.swift in Sources */,
			);
			runOnlyForDeploymentPostprocessing = 0;
		};
/* End PBXSourcesBuildPhase section */

/* Begin PBXTargetDependency section */
		413D34F52E489C25009F6F44 /* PBXTargetDependency */ = {
			isa = PBXTargetDependency;
			target = 413D34DD2E489C23009F6F44 /* DemoApp */;
			targetProxy = 413D34F42E489C25009F6F44 /* PBXContainerItemProxy */;
		};
		413D34FF2E489C25009F6F44 /* PBXTargetDependency */ = {
			isa = PBXTargetDependency;
			target = 413D34DD2E489C23009F6F44 /* DemoApp */;
			targetProxy = 413D34FE2E489C25009F6F44 /* PBXContainerItemProxy */;
		};
/* End PBXTargetDependency section */

/* Begin XCBuildConfiguration section */
		413D35052E489C25009F6F44 /* Debug */ = {
			isa = XCBuildConfiguration;
			buildSettings = {
				ALWAYS_SEARCH_USER_PATHS = NO;
				ASSETCATALOG_COMPILER_GENERATE_SWIFT_ASSET_SYMBOL_EXTENSIONS = YES;
				CLANG_ANALYZER_NONNULL = YES;
				CLANG_ANALYZER_NUMBER_OBJECT_CONVERSION = YES_AGGRESSIVE;
				CLANG_CXX_LANGUAGE_STANDARD = "gnu++20";
				CLANG_ENABLE_MODULES = YES;
				CLANG_ENABLE_OBJC_ARC = YES;
				CLANG_ENABLE_OBJC_WEAK = YES;
				CLANG_WARN_BLOCK_CAPTURE_AUTORELEASING = YES;
				CLANG_WARN_BOOL_CONVERSION = YES;
				CLANG_WARN_COMMA = YES;
				CLANG_WARN_CONSTANT_CONVERSION = YES;
				CLANG_WARN_DEPRECATED_OBJC_IMPLEMENTATIONS = YES;
				CLANG_WARN_DIRECT_OBJC_ISA_USAGE = YES_ERROR;
				CLANG_WARN_DOCUMENTATION_COMMENTS = YES;
				CLANG_WARN_EMPTY_BODY = YES;
				CLANG_WARN_ENUM_CONVERSION = YES;
				CLANG_WARN_INFINITE_RECURSION = YES;
				CLANG_WARN_INT_CONVERSION = YES;
				CLANG_WARN_NON_LITERAL_NULL_CONVERSION = YES;
				CLANG_WARN_OBJC_IMPLICIT_RETAIN_SELF = YES;
				CLANG_WARN_OBJC_LITERAL_CONVERSION = YES;
				CLANG_WARN_OBJC_ROOT_CLASS = YES_ERROR;
				CLANG_WARN_QUOTED_INCLUDE_IN_FRAMEWORK_HEADER = YES;
				CLANG_WARN_RANGE_LOOP_ANALYSIS = YES;
				CLANG_WARN_STRICT_PROTOTYPES = YES;
				CLANG_WARN_SUSPICIOUS_MOVE = YES;
				CLANG_WARN_UNGUARDED_AVAILABILITY = YES_AGGRESSIVE;
				CLANG_WARN_UNREACHABLE_CODE = YES;
				CLANG_WARN__DUPLICATE_METHOD_MATCH = YES;
				COPY_PHASE_STRIP = NO;
				DEBUG_INFORMATION_FORMAT = dwarf;
				ENABLE_STRICT_OBJC_MSGSEND = YES;
				ENABLE_TESTABILITY = YES;
				ENABLE_USER_SCRIPT_SANDBOXING = YES;
				GCC_C_LANGUAGE_STANDARD = gnu17;
				GCC_DYNAMIC_NO_PIC = NO;
				GCC_NO_COMMON_BLOCKS = YES;
				GCC_OPTIMIZATION_LEVEL = 0;
				GCC_PREPROCESSOR_DEFINITIONS = (
					"DEBUG=1",
					"$(inherited)",
				);
				GCC_WARN_64_TO_32_BIT_CONVERSION = YES;
				GCC_WARN_ABOUT_RETURN_TYPE = YES_ERROR;
				GCC_WARN_UNDECLARED_SELECTOR = YES;
				GCC_WARN_UNINITIALIZED_AUTOS = YES_AGGRESSIVE;
				GCC_WARN_UNUSED_FUNCTION = YES;
				GCC_WARN_UNUSED_VARIABLE = YES;
				IPHONEOS_DEPLOYMENT_TARGET = 17.2;
				LOCALIZATION_PREFERS_STRING_CATALOGS = YES;
				MTL_ENABLE_DEBUG_INFO = INCLUDE_SOURCE;
				MTL_FAST_MATH = YES;
				ONLY_ACTIVE_ARCH = YES;
				SDKROOT = iphoneos;
				SWIFT_ACTIVE_COMPILATION_CONDITIONS = "DEBUG $(inherited)";
				SWIFT_OPTIMIZATION_LEVEL = "-Onone";
			};
			name = Debug;
		};
		413D35062E489C25009F6F44 /* Release */ = {
			isa = XCBuildConfiguration;
			buildSettings = {
				ALWAYS_SEARCH_USER_PATHS = NO;
				ASSETCATALOG_COMPILER_GENERATE_SWIFT_ASSET_SYMBOL_EXTENSIONS = YES;
				CLANG_ANALYZER_NONNULL = YES;
				CLANG_ANALYZER_NUMBER_OBJECT_CONVERSION = YES_AGGRESSIVE;
				CLANG_CXX_LANGUAGE_STANDARD = "gnu++20";
				CLANG_ENABLE_MODULES = YES;
				CLANG_ENABLE_OBJC_ARC = YES;
				CLANG_ENABLE_OBJC_WEAK = YES;
				CLANG_WARN_BLOCK_CAPTURE_AUTORELEASING = YES;
				CLANG_WARN_BOOL_CONVERSION = YES;
				CLANG_WARN_COMMA = YES;
				CLANG_WARN_CONSTANT_CONVERSION = YES;
				CLANG_WARN_DEPRECATED_OBJC_IMPLEMENTATIONS = YES;
				CLANG_WARN_DIRECT_OBJC_ISA_USAGE = YES_ERROR;
				CLANG_WARN_DOCUMENTATION_COMMENTS = YES;
				CLANG_WARN_EMPTY_BODY = YES;
				CLANG_WARN_ENUM_CONVERSION = YES;
				CLANG_WARN_INFINITE_RECURSION = YES;
				CLANG_WARN_INT_CONVERSION = YES;
				CLANG_WARN_NON_LITERAL_NULL_CONVERSION = YES;
				CLANG_WARN_OBJC_IMPLICIT_RETAIN_SELF = YES;
				CLANG_WARN_OBJC_LITERAL_CONVERSION = YES;
				CLANG_WARN_OBJC_ROOT_CLASS = YES_ERROR;
				CLANG_WARN_QUOTED_INCLUDE_IN_FRAMEWORK_HEADER = YES;
				CLANG_WARN_RANGE_LOOP_ANALYSIS = YES;
				CLANG_WARN_STRICT_PROTOTYPES = YES;
				CLANG_WARN_SUSPICIOUS_MOVE = YES;
				CLANG_WARN_UNGUARDED_AVAILABILITY = YES_AGGRESSIVE;
				CLANG_WARN_UNREACHABLE_CODE = YES;
				CLANG_WARN__DUPLICATE_METHOD_MATCH = YES;
				COPY_PHASE_STRIP = NO;
				DEBUG_INFORMATION_FORMAT = "dwarf-with-dsym";
				ENABLE_NS_ASSERTIONS = NO;
				ENABLE_STRICT_OBJC_MSGSEND = YES;
				ENABLE_USER_SCRIPT_SANDBOXING = YES;
				GCC_C_LANGUAGE_STANDARD = gnu17;
				GCC_NO_COMMON_BLOCKS = YES;
				GCC_WARN_64_TO_32_BIT_CONVERSION = YES;
				GCC_WARN_ABOUT_RETURN_TYPE = YES_ERROR;
				GCC_WARN_UNDECLARED_SELECTOR = YES;
				GCC_WARN_UNINITIALIZED_AUTOS = YES_AGGRESSIVE;
				GCC_WARN_UNUSED_FUNCTION = YES;
				GCC_WARN_UNUSED_VARIABLE = YES;
				IPHONEOS_DEPLOYMENT_TARGET = 17.2;
				LOCALIZATION_PREFERS_STRING_CATALOGS = YES;
				MTL_ENABLE_DEBUG_INFO = NO;
				MTL_FAST_MATH = YES;
				SDKROOT = iphoneos;
				SWIFT_COMPILATION_MODE = wholemodule;
				VALIDATE_PRODUCT = YES;
			};
			name = Release;
		};
		413D35082E489C25009F6F44 /* Debug */ = {
			isa = XCBuildConfiguration;
			buildSettings = {
				ASSETCATALOG_COMPILER_APPICON_NAME = AppIcon;
				ASSETCATALOG_COMPILER_GLOBAL_ACCENT_COLOR_NAME = AccentColor;
				CODE_SIGN_STYLE = Automatic;
				CURRENT_PROJECT_VERSION = 1;
				DEVELOPMENT_ASSET_PATHS = "\"DemoApp/Preview Content\"";
				ENABLE_PREVIEWS = YES;
				GENERATE_INFOPLIST_FILE = YES;
				INFOPLIST_KEY_UIApplicationSceneManifest_Generation = YES;
				INFOPLIST_KEY_UIApplicationSupportsIndirectInputEvents = YES;
				INFOPLIST_KEY_UILaunchScreen_Generation = YES;
				INFOPLIST_KEY_UISupportedInterfaceOrientations_iPad = "UIInterfaceOrientationPortrait UIInterfaceOrientationPortraitUpsideDown UIInterfaceOrientationLandscapeLeft UIInterfaceOrientationLandscapeRight";
				INFOPLIST_KEY_UISupportedInterfaceOrientations_iPhone = "UIInterfaceOrientationPortrait UIInterfaceOrientationLandscapeLeft UIInterfaceOrientationLandscapeRight";
				LD_RUNPATH_SEARCH_PATHS = (
					"$(inherited)",
					"@executable_path/Frameworks",
				);
				MARKETING_VERSION = 1.0;
				PRODUCT_BUNDLE_IDENTIFIER = com.demo.DemoApp;
				PRODUCT_NAME = "$(TARGET_NAME)";
				SWIFT_EMIT_LOC_STRINGS = YES;
				SWIFT_VERSION = 5.0;
				TARGETED_DEVICE_FAMILY = "1,2";
			};
			name = Debug;
		};
		413D35092E489C25009F6F44 /* Release */ = {
			isa = XCBuildConfiguration;
			buildSettings = {
				ASSETCATALOG_COMPILER_APPICON_NAME = AppIcon;
				ASSETCATALOG_COMPILER_GLOBAL_ACCENT_COLOR_NAME = AccentColor;
				CODE_SIGN_STYLE = Automatic;
				CURRENT_PROJECT_VERSION = 1;
				DEVELOPMENT_ASSET_PATHS = "\"DemoApp/Preview Content\"";
				ENABLE_PREVIEWS = YES;
				GENERATE_INFOPLIST_FILE = YES;
				INFOPLIST_KEY_UIApplicationSceneManifest_Generation = YES;
				INFOPLIST_KEY_UIApplicationSupportsIndirectInputEvents = YES;
				INFOPLIST_KEY_UILaunchScreen_Generation = YES;
				INFOPLIST_KEY_UISupportedInterfaceOrientations_iPad = "UIInterfaceOrientationPortrait UIInterfaceOrientationPortraitUpsideDown UIInterfaceOrientationLandscapeLeft UIInterfaceOrientationLandscapeRight";
				INFOPLIST_KEY_UISupportedInterfaceOrientations_iPhone = "UIInterfaceOrientationPortrait UIInterfaceOrientationLandscapeLeft UIInterfaceOrientationLandscapeRight";
				LD_RUNPATH_SEARCH_PATHS = (
					"$(inherited)",
					"@executable_path/Frameworks",
				);
				MARKETING_VERSION = 1.0;
				PRODUCT_BUNDLE_IDENTIFIER = com.demo.DemoApp;
				PRODUCT_NAME = "$(TARGET_NAME)";
				SWIFT_EMIT_LOC_STRINGS = YES;
				SWIFT_VERSION = 5.0;
				TARGETED_DEVICE_FAMILY = "1,2";
			};
			name = Release;
		};
		413D350B2E489C25009F6F44 /* Debug */ = {
			isa = XCBuildConfiguration;
			buildSettings = {
				ALWAYS_EMBED_SWIFT_STANDARD_LIBRARIES = YES;
				BUNDLE_LOADER = "$(TEST_HOST)";
				CODE_SIGN_STYLE = Automatic;
				CURRENT_PROJECT_VERSION = 1;
				GENERATE_INFOPLIST_FILE = YES;
				IPHONEOS_DEPLOYMENT_TARGET = 17.2;
				MARKETING_VERSION = 1.0;
				PRODUCT_BUNDLE_IDENTIFIER = com.demo.DemoAppTests;
				PRODUCT_NAME = "$(TARGET_NAME)";
				SWIFT_EMIT_LOC_STRINGS = NO;
				SWIFT_VERSION = 5.0;
				TARGETED_DEVICE_FAMILY = "1,2";
				TEST_HOST = "$(BUILT_PRODUCTS_DIR)/DemoApp.app/$(BUNDLE_EXECUTABLE_FOLDER_PATH)/DemoApp";
			};
			name = Debug;
		};
		413D350C2E489C25009F6F44 /* Release */ = {
			isa = XCBuildConfiguration;
			buildSettings = {
				ALWAYS_EMBED_SWIFT_STANDARD_LIBRARIES = YES;
				BUNDLE_LOADER = "$(TEST_HOST)";
				CODE_SIGN_STYLE = Automatic;
				CURRENT_PROJECT_VERSION = 1;
				GENERATE_INFOPLIST_FILE = YES;
				IPHONEOS_DEPLOYMENT_TARGET = 17.2;
				MARKETING_VERSION = 1.0;
				PRODUCT_BUNDLE_IDENTIFIER = com.demo.DemoAppTests;
				PRODUCT_NAME = "$(TARGET_NAME)";
				SWIFT_EMIT_LOC_STRINGS = NO;
				SWIFT_VERSION = 5.0;
				TARGETED_DEVICE_FAMILY = "1,2";
				TEST_HOST = "$(BUILT_PRODUCTS_DIR)/DemoApp.app/$(BUNDLE_EXECUTABLE_FOLDER_PATH)/DemoApp";
			};
			name = Release;
		};
		413D350E2E489C25009F6F44 /* Debug */ = {
			isa = XCBuildConfiguration;
			buildSettings = {
				ALWAYS_EMBED_SWIFT_STANDARD_LIBRARIES = YES;
				CODE_SIGN_STYLE = Automatic;
				CURRENT_PROJECT_VERSION = 1;
				GENERATE_INFOPLIST_FILE = YES;
				MARKETING_VERSION = 1.0;
				PRODUCT_BUNDLE_IDENTIFIER = com.demo.DemoAppUITests;
				PRODUCT_NAME = "$(TARGET_NAME)";
				SWIFT_EMIT_LOC_STRINGS = NO;
				SWIFT_VERSION = 5.0;
				TARGETED_DEVICE_FAMILY = "1,2";
				TEST_TARGET_NAME = DemoApp;
			};
			name = Debug;
		};
		413D350F2E489C25009F6F44 /* Release */ = {
			isa = XCBuildConfiguration;
			buildSettings = {
				ALWAYS_EMBED_SWIFT_STANDARD_LIBRARIES = YES;
				CODE_SIGN_STYLE = Automatic;
				CURRENT_PROJECT_VERSION = 1;
				GENERATE_INFOPLIST_FILE = YES;
				MARKETING_VERSION = 1.0;
				PRODUCT_BUNDLE_IDENTIFIER = com.demo.DemoAppUITests;
				PRODUCT_NAME = "$(TARGET_NAME)";
				SWIFT_EMIT_LOC_STRINGS = NO;
				SWIFT_VERSION = 5.0;
				TARGETED_DEVICE_FAMILY = "1,2";
				TEST_TARGET_NAME = DemoApp;
			};
			name = Release;
		};
/* End XCBuildConfiguration section */

/* Begin XCConfigurationList section */
		413D34D92E489C23009F6F44 /* Build configuration list for PBXProject "DemoApp" */ = {
			isa = XCConfigurationList;
			buildConfigurations = (
				413D35052E489C25009F6F44 /* Debug */,
				413D35062E489C25009F6F44 /* Release */,
			);
			defaultConfigurationIsVisible = 0;
			defaultConfigurationName = Release;
		};
		413D35072E489C25009F6F44 /* Build configuration list for PBXNativeTarget "DemoApp" */ = {
			isa = XCConfigurationList;
			buildConfigurations = (
				413D35082E489C25009F6F44 /* Debug */,
				413D35092E489C25009F6F44 /* Release */,
			);
			defaultConfigurationIsVisible = 0;
			defaultConfigurationName = Release;
		};
		413D350A2E489C25009F6F44 /* Build configuration list for PBXNativeTarget "DemoAppTests" */ = {
			isa = XCConfigurationList;
			buildConfigurations = (
				413D350B2E489C25009F6F44 /* Debug */,
				413D350C2E489C25009F6F44 /* Release */,
			);
			defaultConfigurationIsVisible = 0;
			defaultConfigurationName = Release;
		};
		413D350D2E489C25009F6F44 /* Build configuration list for PBXNativeTarget "DemoAppUITests" */ = {
			isa = XCConfigurationList;
			buildConfigurations = (
				413D350E2E489C25009F6F44 /* Debug */,
				413D350F2E489C25009F6F44 /* Release */,
			);
			defaultConfigurationIsVisible = 0;
			defaultConfigurationName = Release;
		};
/* End XCConfigurationList section */

/* Begin XCVersionGroup section */
		413D34EC2E489C25009F6F44 /* DemoApp.xcdatamodeld */ = {
			isa = XCVersionGroup;
			children = (
				413D34ED2E489C25009F6F44 /* DemoApp.xcdatamodel */,
			);
			currentVersion = 413D34ED2E489C25009F6F44 /* DemoApp.xcdatamodel */;
			path = DemoApp.xcdatamodeld;
			sourceTree = "<group>";
			versionGroupType = wrapper.xcdatamodel;
		};
/* End XCVersionGroup section */
	};
	rootObject = 413D34D62E489C23009F6F44 /* Project object */;
}
